
Microsoft Visual Studio Solution File, Format Version 12.00
# Visual Studio 14
VisualStudioVersion = 14.0.25420.1
MinimumVisualStudioVersion = 10.0.40219.1
Project("{FAE04EC0-301F-11D3-BF4B-00C04F79EFBC}") = "RPCDI.UI", "RPCDI.UI\RPCDI.UI.csproj", "{CEE3AF93-908C-4C94-907E-79278DE56AB1}"
EndProject
Project("{FAE04EC0-301F-11D3-BF4B-00C04F79EFBC}") = "RPCDI.Data", "RPCDI.Data\RPCDI.Data.csproj", "{8CBD8FFA-1B85-4887-A6F7-6B588108ADD7}"
EndProject
Project("{FAE04EC0-301F-11D3-BF4B-00C04F79EFBC}") = "RPCDI.Infrastructure", "RPCDI.Infrastructure\RPCDI.Infrastructure.csproj", "{778AA49B-4A87-45A9-B38C-283EE38FC2B8}"
EndProject
Global
	GlobalSection(SolutionConfigurationPlatforms) = preSolution
		Debug|Any CPU = Debug|Any CPU
		Release|Any CPU = Release|Any CPU
	EndGlobalSection
	GlobalSection(ProjectConfigurationPlatforms) = postSolution
		{CEE3AF93-908C-4C94-907E-79278DE56AB1}.Debug|Any CPU.ActiveCfg = Debug|Any CPU
		{CEE3AF93-908C-4C94-907E-79278DE56AB1}.Debug|Any CPU.Build.0 = Debug|Any CPU
		{CEE3AF93-908C-4C94-907E-79278DE56AB1}.Release|Any CPU.ActiveCfg = Release|Any CPU
		{CEE3AF93-908C-4C94-907E-79278DE56AB1}.Release|Any CPU.Build.0 = Release|Any CPU
		{8CBD8FFA-1B85-4887-A6F7-6B588108ADD7}.Debug|Any CPU.ActiveCfg = Debug|Any CPU
		{8CBD8FFA-1B85-4887-A6F7-6B588108ADD7}.Debug|Any CPU.Build.0 = Debug|Any CPU
		{8CBD8FFA-1B85-4887-A6F7-6B588108ADD7}.Release|Any CPU.ActiveCfg = Release|Any CPU
		{8CBD8FFA-1B85-4887-A6F7-6B588108ADD7}.Release|Any CPU.Build.0 = Release|Any CPU
		{778AA49B-4A87-45A9-B38C-283EE38FC2B8}.Debug|Any CPU.ActiveCfg = Debug|Any CPU
		{778AA49B-4A87-45A9-B38C-283EE38FC2B8}.Debug|Any CPU.Build.0 = Debug|Any CPU
		{778AA49B-4A87-45A9-B38C-283EE38FC2B8}.Release|Any CPU.ActiveCfg = Release|Any CPU
		{778AA49B-4A87-45A9-B38C-283EE38FC2B8}.Release|Any CPU.Build.0 = Release|Any CPU
	EndGlobalSection
	GlobalSection(SolutionProperties) = preSolution
		HideSolutionNode = FALSE
	EndGlobalSection
EndGlobal
